
Microsoft Visual Studio Solution File, Format Version 12.00
# Visual Studio Version 17
VisualStudioVersion = 17.2.32602.215
MinimumVisualStudioVersion = 10.0.40219.1
Project("{9A19103F-16F7-4668-BE54-9A1E7A4F7556}") = "shopify-portfolio", "shopify-portfolio.csproj", "{61449F03-626C-40AF-8C51-2C652AF2DD73}"
EndProject
Global
	GlobalSection(SolutionConfigurationPlatforms) = preSolution
		Debug|Any CPU = Debug|Any CPU
		Release|Any CPU = Release|Any CPU
	EndGlobalSection
	GlobalSection(ProjectConfigurationPlatforms) = postSolution
		{61449F03-626C-40AF-8C51-2C652AF2DD73}.Debug|Any CPU.ActiveCfg = Debug|Any CPU
		{61449F03-626C-40AF-8C51-2C652AF2DD73}.Debug|Any CPU.Build.0 = Debug|Any CPU
		{61449F03-626C-40AF-8C51-2C652AF2DD73}.Release|Any CPU.ActiveCfg = Release|Any CPU
		{61449F03-626C-40AF-8C51-2C652AF2DD73}.Release|Any CPU.Build.0 = Release|Any CPU
	EndGlobalSection
	GlobalSection(SolutionProperties) = preSolution
		HideSolutionNode = FALSE
	EndGlobalSection
	GlobalSection(ExtensibilityGlobals) = postSolution
		SolutionGuid = {BCE0C1BC-B237-4A57-A97F-0BBEE73070EB}
	EndGlobalSection
EndGlobal
